{
  "version": "5",
  "specifiers": {
    "npm:@deno/vite-plugin@1": "1.0.5_vite@5.4.19",
    "npm:vite@*": "5.4.19",
    "npm:vite@^5.4.9": "5.4.19"
  },
  "npm": {
    "@deno/vite-plugin@1.0.5_vite@5.4.19": {
      "integrity": "sha512-tLja5n4dyMhcze1NzvSs2iiriBymfBlDCZIrjMTxb9O2ru0gvmV6mn5oBD2teNw5Sd92cj3YJzKwsAs8tMJXlg==",
      "dependencies": [
        "vite"
      ]
    },
    "@esbuild/aix-ppc64@0.21.5": {
      "integrity": "sha512-1SDgH6ZSPTlggy1yI6+Dbkiz8xzpHJEVAlF/AM1tHPLsf5STom9rwtjE4hKAF20FfXXNTFqEYXyJNWh1GiZedQ==",
      "os": ["aix"],
      "cpu": ["ppc64"]
    },
    "@esbuild/android-arm64@0.21.5": {
      "integrity": "sha512-c0uX9VAUBQ7dTDCjq+wdyGLowMdtR/GoC2U5IYk/7D1H1JYC0qseD7+11iMP2mRLN9RcCMRcjC4YMclCzGwS/A==",
      "os": ["android"],
      "cpu": ["arm64"]
    },
    "@esbuild/android-arm@0.21.5": {
      "integrity": "sha512-vCPvzSjpPHEi1siZdlvAlsPxXl7WbOVUBBAowWug4rJHb68Ox8KualB+1ocNvT5fjv6wpkX6o/iEpbDrf68zcg==",
      "os": ["android"],
      "cpu": ["arm"]
    },
    "@esbuild/android-x64@0.21.5": {
      "integrity": "sha512-D7aPRUUNHRBwHxzxRvp856rjUHRFW1SdQATKXH2hqA0kAZb1hKmi02OpYRacl0TxIGz/ZmXWlbZgjwWYaCakTA==",
      "os": ["android"],
      "cpu": ["x64"]
    },
    "@esbuild/darwin-arm64@0.21.5": {
      "integrity": "sha512-DwqXqZyuk5AiWWf3UfLiRDJ5EDd49zg6O9wclZ7kUMv2WRFr4HKjXp/5t8JZ11QbQfUS6/cRCKGwYhtNAY88kQ==",
      "os": ["darwin"],
      "cpu": ["arm64"]
    },
    "@esbuild/darwin-x64@0.21.5": {
      "integrity": "sha512-se/JjF8NlmKVG4kNIuyWMV/22ZaerB+qaSi5MdrXtd6R08kvs2qCN4C09miupktDitvh8jRFflwGFBQcxZRjbw==",
      "os": ["darwin"],
      "cpu": ["x64"]
    },
    "@esbuild/freebsd-arm64@0.21.5": {
      "integrity": "sha512-5JcRxxRDUJLX8JXp/wcBCy3pENnCgBR9bN6JsY4OmhfUtIHe3ZW0mawA7+RDAcMLrMIZaf03NlQiX9DGyB8h4g==",
      "os": ["freebsd"],
      "cpu": ["arm64"]
    },
    "@esbuild/freebsd-x64@0.21.5": {
      "integrity": "sha512-J95kNBj1zkbMXtHVH29bBriQygMXqoVQOQYA+ISs0/2l3T9/kj42ow2mpqerRBxDJnmkUDCaQT/dfNXWX/ZZCQ==",
      "os": ["freebsd"],
      "cpu": ["x64"]
    },
    "@esbuild/linux-arm64@0.21.5": {
      "integrity": "sha512-ibKvmyYzKsBeX8d8I7MH/TMfWDXBF3db4qM6sy+7re0YXya+K1cem3on9XgdT2EQGMu4hQyZhan7TeQ8XkGp4Q==",
      "os": ["linux"],
      "cpu": ["arm64"]
    },
    "@esbuild/linux-arm@0.21.5": {
      "integrity": "sha512-bPb5AHZtbeNGjCKVZ9UGqGwo8EUu4cLq68E95A53KlxAPRmUyYv2D6F0uUI65XisGOL1hBP5mTronbgo+0bFcA==",
      "os": ["linux"],
      "cpu": ["arm"]
    },
    "@esbuild/linux-ia32@0.21.5": {
      "integrity": "sha512-YvjXDqLRqPDl2dvRODYmmhz4rPeVKYvppfGYKSNGdyZkA01046pLWyRKKI3ax8fbJoK5QbxblURkwK/MWY18Tg==",
      "os": ["linux"],
      "cpu": ["ia32"]
    },
    "@esbuild/linux-loong64@0.21.5": {
      "integrity": "sha512-uHf1BmMG8qEvzdrzAqg2SIG/02+4/DHB6a9Kbya0XDvwDEKCoC8ZRWI5JJvNdUjtciBGFQ5PuBlpEOXQj+JQSg==",
      "os": ["linux"],
      "cpu": ["loong64"]
    },
    "@esbuild/linux-mips64el@0.21.5": {
      "integrity": "sha512-IajOmO+KJK23bj52dFSNCMsz1QP1DqM6cwLUv3W1QwyxkyIWecfafnI555fvSGqEKwjMXVLokcV5ygHW5b3Jbg==",
      "os": ["linux"],
      "cpu": ["mips64el"]
    },
    "@esbuild/linux-ppc64@0.21.5": {
      "integrity": "sha512-1hHV/Z4OEfMwpLO8rp7CvlhBDnjsC3CttJXIhBi+5Aj5r+MBvy4egg7wCbe//hSsT+RvDAG7s81tAvpL2XAE4w==",
      "os": ["linux"],
      "cpu": ["ppc64"]
    },
    "@esbuild/linux-riscv64@0.21.5": {
      "integrity": "sha512-2HdXDMd9GMgTGrPWnJzP2ALSokE/0O5HhTUvWIbD3YdjME8JwvSCnNGBnTThKGEB91OZhzrJ4qIIxk/SBmyDDA==",
      "os": ["linux"],
      "cpu": ["riscv64"]
    },
    "@esbuild/linux-s390x@0.21.5": {
      "integrity": "sha512-zus5sxzqBJD3eXxwvjN1yQkRepANgxE9lgOW2qLnmr8ikMTphkjgXu1HR01K4FJg8h1kEEDAqDcZQtbrRnB41A==",
      "os": ["linux"],
      "cpu": ["s390x"]
    },
    "@esbuild/linux-x64@0.21.5": {
      "integrity": "sha512-1rYdTpyv03iycF1+BhzrzQJCdOuAOtaqHTWJZCWvijKD2N5Xu0TtVC8/+1faWqcP9iBCWOmjmhoH94dH82BxPQ==",
      "os": ["linux"],
      "cpu": ["x64"]
    },
    "@esbuild/netbsd-x64@0.21.5": {
      "integrity": "sha512-Woi2MXzXjMULccIwMnLciyZH4nCIMpWQAs049KEeMvOcNADVxo0UBIQPfSmxB3CWKedngg7sWZdLvLczpe0tLg==",
      "os": ["netbsd"],
      "cpu": ["x64"]
    },
    "@esbuild/openbsd-x64@0.21.5": {
      "integrity": "sha512-HLNNw99xsvx12lFBUwoT8EVCsSvRNDVxNpjZ7bPn947b8gJPzeHWyNVhFsaerc0n3TsbOINvRP2byTZ5LKezow==",
      "os": ["openbsd"],
      "cpu": ["x64"]
    },
    "@esbuild/sunos-x64@0.21.5": {
      "integrity": "sha512-6+gjmFpfy0BHU5Tpptkuh8+uw3mnrvgs+dSPQXQOv3ekbordwnzTVEb4qnIvQcYXq6gzkyTnoZ9dZG+D4garKg==",
      "os": ["sunos"],
      "cpu": ["x64"]
    },
    "@esbuild/win32-arm64@0.21.5": {
      "integrity": "sha512-Z0gOTd75VvXqyq7nsl93zwahcTROgqvuAcYDUr+vOv8uHhNSKROyU961kgtCD1e95IqPKSQKH7tBTslnS3tA8A==",
      "os": ["win32"],
      "cpu": ["arm64"]
    },
    "@esbuild/win32-ia32@0.21.5": {
      "integrity": "sha512-SWXFF1CL2RVNMaVs+BBClwtfZSvDgtL//G/smwAc5oVK/UPu2Gu9tIaRgFmYFFKrmg3SyAjSrElf0TiJ1v8fYA==",
      "os": ["win32"],
      "cpu": ["ia32"]
    },
    "@esbuild/win32-x64@0.21.5": {
      "integrity": "sha512-tQd/1efJuzPC6rCFwEvLtci/xNFcTZknmXs98FYDfGE4wP9ClFV98nyKrzJKVPMhdDnjzLhdUyMX4PsQAPjwIw==",
      "os": ["win32"],
      "cpu": ["x64"]
    },
    "@rollup/rollup-android-arm-eabi@4.34.6": {
      "integrity": "sha512-+GcCXtOQoWuC7hhX1P00LqjjIiS/iOouHXhMdiDSnq/1DGTox4SpUvO52Xm+div6+106r+TcvOeo/cxvyEyTgg==",
      "os": ["android"],
      "cpu": ["arm"]
    },
    "@rollup/rollup-android-arm64@4.34.6": {
      "integrity": "sha512-E8+2qCIjciYUnCa1AiVF1BkRgqIGW9KzJeesQqVfyRITGQN+dFuoivO0hnro1DjT74wXLRZ7QF8MIbz+luGaJA==",
      "os": ["android"],
      "cpu": ["arm64"]
    },
    "@rollup/rollup-darwin-arm64@4.34.6": {
      "integrity": "sha512-z9Ib+OzqN3DZEjX7PDQMHEhtF+t6Mi2z/ueChQPLS/qUMKY7Ybn5A2ggFoKRNRh1q1T03YTQfBTQCJZiepESAg==",
      "os": ["darwin"],
      "cpu": ["arm64"]
    },
    "@rollup/rollup-darwin-x64@4.34.6": {
      "integrity": "sha512-PShKVY4u0FDAR7jskyFIYVyHEPCPnIQY8s5OcXkdU8mz3Y7eXDJPdyM/ZWjkYdR2m0izD9HHWA8sGcXn+Qrsyg==",
      "os": ["darwin"],
      "cpu": ["x64"]
    },
    "@rollup/rollup-freebsd-arm64@4.34.6": {
      "integrity": "sha512-YSwyOqlDAdKqs0iKuqvRHLN4SrD2TiswfoLfvYXseKbL47ht1grQpq46MSiQAx6rQEN8o8URtpXARCpqabqxGQ==",
      "os": ["freebsd"],
      "cpu": ["arm64"]
    },
    "@rollup/rollup-freebsd-x64@4.34.6": {
      "integrity": "sha512-HEP4CgPAY1RxXwwL5sPFv6BBM3tVeLnshF03HMhJYCNc6kvSqBgTMmsEjb72RkZBAWIqiPUyF1JpEBv5XT9wKQ==",
      "os": ["freebsd"],
      "cpu": ["x64"]
    },
    "@rollup/rollup-linux-arm-gnueabihf@4.34.6": {
      "integrity": "sha512-88fSzjC5xeH9S2Vg3rPgXJULkHcLYMkh8faix8DX4h4TIAL65ekwuQMA/g2CXq8W+NJC43V6fUpYZNjaX3+IIg==",
      "os": ["linux"],
      "cpu": ["arm"]
    },
    "@rollup/rollup-linux-arm-musleabihf@4.34.6": {
      "integrity": "sha512-wM4ztnutBqYFyvNeR7Av+reWI/enK9tDOTKNF+6Kk2Q96k9bwhDDOlnCUNRPvromlVXo04riSliMBs/Z7RteEg==",
      "os": ["linux"],
      "cpu": ["arm"]
    },
    "@rollup/rollup-linux-arm64-gnu@4.34.6": {
      "integrity": "sha512-9RyprECbRa9zEjXLtvvshhw4CMrRa3K+0wcp3KME0zmBe1ILmvcVHnypZ/aIDXpRyfhSYSuN4EPdCCj5Du8FIA==",
      "os": ["linux"],
      "cpu": ["arm64"]
    },
    "@rollup/rollup-linux-arm64-musl@4.34.6": {
      "integrity": "sha512-qTmklhCTyaJSB05S+iSovfo++EwnIEZxHkzv5dep4qoszUMX5Ca4WM4zAVUMbfdviLgCSQOu5oU8YoGk1s6M9Q==",
      "os": ["linux"],
      "cpu": ["arm64"]
    },
    "@rollup/rollup-linux-loongarch64-gnu@4.34.6": {
      "integrity": "sha512-4Qmkaps9yqmpjY5pvpkfOerYgKNUGzQpFxV6rnS7c/JfYbDSU0y6WpbbredB5cCpLFGJEqYX40WUmxMkwhWCjw==",
      "os": ["linux"],
      "cpu": ["loong64"]
    },
    "@rollup/rollup-linux-powerpc64le-gnu@4.34.6": {
      "integrity": "sha512-Zsrtux3PuaxuBTX/zHdLaFmcofWGzaWW1scwLU3ZbW/X+hSsFbz9wDIp6XvnT7pzYRl9MezWqEqKy7ssmDEnuQ==",
      "os": ["linux"],
      "cpu": ["ppc64"]
    },
    "@rollup/rollup-linux-riscv64-gnu@4.34.6": {
      "integrity": "sha512-aK+Zp+CRM55iPrlyKiU3/zyhgzWBxLVrw2mwiQSYJRobCURb781+XstzvA8Gkjg/hbdQFuDw44aUOxVQFycrAg==",
      "os": ["linux"],
      "cpu": ["riscv64"]
    },
    "@rollup/rollup-linux-s390x-gnu@4.34.6": {
      "integrity": "sha512-WoKLVrY9ogmaYPXwTH326+ErlCIgMmsoRSx6bO+l68YgJnlOXhygDYSZe/qbUJCSiCiZAQ+tKm88NcWuUXqOzw==",
      "os": ["linux"],
      "cpu": ["s390x"]
    },
    "@rollup/rollup-linux-x64-gnu@4.34.6": {
      "integrity": "sha512-Sht4aFvmA4ToHd2vFzwMFaQCiYm2lDFho5rPcvPBT5pCdC+GwHG6CMch4GQfmWTQ1SwRKS0dhDYb54khSrjDWw==",
      "os": ["linux"],
      "cpu": ["x64"]
    },
    "@rollup/rollup-linux-x64-musl@4.34.6": {
      "integrity": "sha512-zmmpOQh8vXc2QITsnCiODCDGXFC8LMi64+/oPpPx5qz3pqv0s6x46ps4xoycfUiVZps5PFn1gksZzo4RGTKT+A==",
      "os": ["linux"],
      "cpu": ["x64"]
    },
    "@rollup/rollup-win32-arm64-msvc@4.34.6": {
      "integrity": "sha512-3/q1qUsO/tLqGBaD4uXsB6coVGB3usxw3qyeVb59aArCgedSF66MPdgRStUd7vbZOsko/CgVaY5fo2vkvPLWiA==",
      "os": ["win32"],
      "cpu": ["arm64"]
    },
    "@rollup/rollup-win32-ia32-msvc@4.34.6": {
      "integrity": "sha512-oLHxuyywc6efdKVTxvc0135zPrRdtYVjtVD5GUm55I3ODxhU/PwkQFD97z16Xzxa1Fz0AEe4W/2hzRtd+IfpOA==",
      "os": ["win32"],
      "cpu": ["ia32"]
    },
    "@rollup/rollup-win32-x64-msvc@4.34.6": {
      "integrity": "sha512-0PVwmgzZ8+TZ9oGBmdZoQVXflbvuwzN/HRclujpl4N/q3i+y0lqLw8n1bXA8ru3sApDjlmONaNAuYr38y1Kr9w==",
      "os": ["win32"],
      "cpu": ["x64"]
    },
    "@types/estree@1.0.6": {
      "integrity": "sha512-AYnb1nQyY49te+VRAVgmzfcgjYS91mY5P0TKUDCLEM+gNnA+3T6rWITXRLYCpahpqSQbN5cE+gHpnPyXjHWxcw=="
    },
    "esbuild@0.21.5": {
      "integrity": "sha512-mg3OPMV4hXywwpoDxu3Qda5xCKQi+vCTZq8S9J/EpkhB2HzKXq4SNFZE3+NK93JYxc8VMSep+lOUSC/RVKaBqw==",
      "optionalDependencies": [
        "@esbuild/aix-ppc64",
        "@esbuild/android-arm",
        "@esbuild/android-arm64",
        "@esbuild/android-x64",
        "@esbuild/darwin-arm64",
        "@esbuild/darwin-x64",
        "@esbuild/freebsd-arm64",
        "@esbuild/freebsd-x64",
        "@esbuild/linux-arm",
        "@esbuild/linux-arm64",
        "@esbuild/linux-ia32",
        "@esbuild/linux-loong64",
        "@esbuild/linux-mips64el",
        "@esbuild/linux-ppc64",
        "@esbuild/linux-riscv64",
        "@esbuild/linux-s390x",
        "@esbuild/linux-x64",
        "@esbuild/netbsd-x64",
        "@esbuild/openbsd-x64",
        "@esbuild/sunos-x64",
        "@esbuild/win32-arm64",
        "@esbuild/win32-ia32",
        "@esbuild/win32-x64"
      ],
      "scripts": true,
      "bin": true
    },
    "fsevents@2.3.3": {
      "integrity": "sha512-5xoDfX+fL7faATnagmWPpbFtwh/R77WmMMqqHGS65C3vvB0YHrgF+B1YmZ3441tMj5n63k0212XNoJwzlhffQw==",
      "os": ["darwin"],
      "scripts": true
    },
    "nanoid@3.3.8": {
      "integrity": "sha512-WNLf5Sd8oZxOm+TzppcYk8gVOgP+l58xNy58D0nbUnOxOWRWvlcCV4kUF7ltmI6PsrLl/BgKEyS4mqsGChFN0w==",
      "bin": true
    },
    "picocolors@1.1.1": {
      "integrity": "sha512-xceH2snhtb5M9liqDsmEw56le376mTZkEX/jEb/RxNFyegNul7eNslCXP9FDj/Lcu0X8KEyMceP2ntpaHrDEVA=="
    },
    "postcss@8.5.2": {
      "integrity": "sha512-MjOadfU3Ys9KYoX0AdkBlFEF1Vx37uCCeN4ZHnmwm9FfpbsGWMZeBLMmmpY+6Ocqod7mkdZ0DT31OlbsFrLlkA==",
      "dependencies": [
        "nanoid",
        "picocolors",
        "source-map-js"
      ]
    },
    "rollup@4.34.6": {
      "integrity": "sha512-wc2cBWqJgkU3Iz5oztRkQbfVkbxoz5EhnCGOrnJvnLnQ7O0WhQUYyv18qQI79O8L7DdHrrlJNeCHd4VGpnaXKQ==",
      "dependencies": [
        "@types/estree"
      ],
      "optionalDependencies": [
        "@rollup/rollup-android-arm-eabi",
        "@rollup/rollup-android-arm64",
        "@rollup/rollup-darwin-arm64",
        "@rollup/rollup-darwin-x64",
        "@rollup/rollup-freebsd-arm64",
        "@rollup/rollup-freebsd-x64",
        "@rollup/rollup-linux-arm-gnueabihf",
        "@rollup/rollup-linux-arm-musleabihf",
        "@rollup/rollup-linux-arm64-gnu",
        "@rollup/rollup-linux-arm64-musl",
        "@rollup/rollup-linux-loongarch64-gnu",
        "@rollup/rollup-linux-powerpc64le-gnu",
        "@rollup/rollup-linux-riscv64-gnu",
        "@rollup/rollup-linux-s390x-gnu",
        "@rollup/rollup-linux-x64-gnu",
        "@rollup/rollup-linux-x64-musl",
        "@rollup/rollup-win32-arm64-msvc",
        "@rollup/rollup-win32-ia32-msvc",
        "@rollup/rollup-win32-x64-msvc",
        "fsevents"
      ],
      "bin": true
    },
    "source-map-js@1.2.1": {
      "integrity": "sha512-UXWMKhLOwVKb728IUtQPXxfYU+usdybtUrK/8uGE8CQMvrhOpwvzDBwj0QhSL7MQc7vIsISBG8VQ8+IDQxpfQA=="
    },
    "vite@5.4.19": {
      "integrity": "sha512-qO3aKv3HoQC8QKiNSTuUM1l9o/XX3+c+VTgLHbJWHZGeTPVAg2XwazI9UWzoxjIJCGCV2zU60uqMzjeLZuULqA==",
      "dependencies": [
        "esbuild",
        "postcss",
        "rollup"
      ],
      "optionalDependencies": [
        "fsevents"
      ],
      "bin": true
    }
  },
  "workspace": {
    "dependencies": [
      "npm:@deno/vite-plugin@1",
      "npm:vite@^5.4.9"
    ]
  }
}
