{
  "version": "5",
  "redirects": {
    "https://esm.sh/@octokit/auth-app": "https://esm.sh/@octokit/auth-app@8.0.2",
    "https://esm.sh/@octokit/auth-oauth-app@^9.0.1?target=denonext": "https://esm.sh/@octokit/auth-oauth-app@9.0.1?target=denonext",
    "https://esm.sh/@octokit/auth-oauth-device@^8.0.1?target=denonext": "https://esm.sh/@octokit/auth-oauth-device@8.0.1?target=denonext",
    "https://esm.sh/@octokit/auth-oauth-user@^6.0.0?target=denonext": "https://esm.sh/@octokit/auth-oauth-user@6.0.0?target=denonext",
    "https://esm.sh/@octokit/auth-token@^6.0.0?target=denonext": "https://esm.sh/@octokit/auth-token@6.0.0?target=denonext",
    "https://esm.sh/@octokit/auth-unauthenticated@^7.0.1?target=denonext": "https://esm.sh/@octokit/auth-unauthenticated@7.0.1?target=denonext",
    "https://esm.sh/@octokit/core": "https://esm.sh/@octokit/core@7.0.3",
    "https://esm.sh/@octokit/core@^7.0.2?target=denonext": "https://esm.sh/@octokit/core@7.0.3?target=denonext",
    "https://esm.sh/@octokit/endpoint@^11.0.0?target=denonext": "https://esm.sh/@octokit/endpoint@11.0.0?target=denonext",
    "https://esm.sh/@octokit/graphql@^9.0.1?target=denonext": "https://esm.sh/@octokit/graphql@9.0.1?target=denonext",
    "https://esm.sh/@octokit/oauth-app": "https://esm.sh/@octokit/oauth-app@8.0.1",
    "https://esm.sh/@octokit/oauth-authorization-url@^8.0.0?target=denonext": "https://esm.sh/@octokit/oauth-authorization-url@8.0.0?target=denonext",
    "https://esm.sh/@octokit/oauth-methods@^6.0.0?target=denonext": "https://esm.sh/@octokit/oauth-methods@6.0.0?target=denonext",
    "https://esm.sh/@octokit/request-error@^7.0.0?target=denonext": "https://esm.sh/@octokit/request-error@7.0.0?target=denonext",
    "https://esm.sh/@octokit/request@^10.0.2?target=denonext": "https://esm.sh/@octokit/request@10.0.3?target=denonext",
    "https://esm.sh/before-after-hook@^4.0.0?target=denonext": "https://esm.sh/before-after-hook@4.0.0?target=denonext",
    "https://esm.sh/fast-content-type-parse@^3.0.0?target=denonext": "https://esm.sh/fast-content-type-parse@3.0.0?target=denonext",
    "https://esm.sh/toad-cache@^3.7.0?target=denonext": "https://esm.sh/toad-cache@3.7.0?target=denonext",
    "https://esm.sh/universal-github-app-jwt@^2.2.0?target=denonext": "https://esm.sh/universal-github-app-jwt@2.2.2?target=denonext",
    "https://esm.sh/universal-user-agent@^7.0.0?target=denonext": "https://esm.sh/universal-user-agent@7.0.3?target=denonext",
    "https://esm.sh/universal-user-agent@^7.0.2?target=denonext": "https://esm.sh/universal-user-agent@7.0.3?target=denonext"
  },
  "remote": {
    "https://esm.sh/@octokit/auth-app@8.0.2": "a3a49bff130a4bb5959838bfa60676e1d04aa0eb6e8a2872e4dab4a38294c1d3",
    "https://esm.sh/@octokit/auth-app@8.0.2/denonext/auth-app.mjs": "c5c29b3fcb40dafaefc38e15fa0b799b1a8b914a9644a2aa48d7ec648ce8f8a6",
    "https://esm.sh/@octokit/auth-oauth-app@9.0.1/denonext/auth-oauth-app.mjs": "2dcd7d5516c4fb5882af8c0320794b44297b0b68a00cc46230c4c39e16591126",
    "https://esm.sh/@octokit/auth-oauth-app@9.0.1?target=denonext": "d55cc3de1c5408e6dd38ff4882f35a49bd26633885d66fbff11926c63889edd6",
    "https://esm.sh/@octokit/auth-oauth-device@8.0.1/denonext/auth-oauth-device.mjs": "6d37ca3a28ae01a3044392ed4d826f194eb85535c5126e4604ad6f672d713c35",
    "https://esm.sh/@octokit/auth-oauth-device@8.0.1?target=denonext": "97bbad01675b7ad904777188a06addc4af10c4615836d71628e91ef09dcab30c",
    "https://esm.sh/@octokit/auth-oauth-user@6.0.0/denonext/auth-oauth-user.mjs": "895fe8fbc9376874f4dd07feb1a4802d719a1d862ddd4a9a126bfffc7e57d44a",
    "https://esm.sh/@octokit/auth-oauth-user@6.0.0?target=denonext": "06e4c11babbe8a85be0f066fd05b9dab8e681b7df038913b1a41ed702886f38e",
    "https://esm.sh/@octokit/auth-token@6.0.0/denonext/auth-token.mjs": "ef9f8c59ca2597cc1f2b04f5640f55fcb5fa48de98e0d0250411d00858abdd2d",
    "https://esm.sh/@octokit/auth-token@6.0.0?target=denonext": "edfa317d09714ee0db614953d74ccf8a0ba5764e13b3df64c93057f427c0824a",
    "https://esm.sh/@octokit/auth-unauthenticated@7.0.1/denonext/auth-unauthenticated.mjs": "e828158f653ad6d3e8b22b04a6c4b1f9d1f8201ad5abf53de44ec5e4fe4ecb3c",
    "https://esm.sh/@octokit/auth-unauthenticated@7.0.1?target=denonext": "b0e454973d763c4bdf36b791094f401b729e961c0f38e41d0c19e436f367493a",
    "https://esm.sh/@octokit/core@7.0.3": "c200b3594f7a35fb3072897f7f2baa4f6fc57f53eccb28893f4b2b2e6479feb7",
    "https://esm.sh/@octokit/core@7.0.3/denonext/core.mjs": "56a6e347539c0a7ceed4b9bed5200dc1bd6842565a7a62a644eaaf03c3edfbc6",
    "https://esm.sh/@octokit/core@7.0.3?target=denonext": "c200b3594f7a35fb3072897f7f2baa4f6fc57f53eccb28893f4b2b2e6479feb7",
    "https://esm.sh/@octokit/endpoint@11.0.0/denonext/endpoint.mjs": "674f532ca2746ac3bb89f6b0d9f957b0bd0e34360f60ad8591e339ba2d03155f",
    "https://esm.sh/@octokit/endpoint@11.0.0?target=denonext": "4fb5b0b5bc94246246b9de2a1b1735542e24950c86474d9f0dbd94ad3b467e40",
    "https://esm.sh/@octokit/graphql@9.0.1/denonext/graphql.mjs": "0f4092b6469b8bf281a8819ec770f5a6e57d6252d7993922c30e3b45a40ad52d",
    "https://esm.sh/@octokit/graphql@9.0.1?target=denonext": "56959da590a4bfbf4e0635ae987905b2f0d1bff327b9775af22063702b985fcc",
    "https://esm.sh/@octokit/oauth-app@8.0.1": "5ea3c6758256d0a73d25f709e5ab5076b06ab1cc1ea6e740d51367c517345da5",
    "https://esm.sh/@octokit/oauth-app@8.0.1/denonext/oauth-app.mjs": "aadafd410517a69c77ecb5c2e416c16b9d3ee13a3d627d75f5ad7bd26215f1e0",
    "https://esm.sh/@octokit/oauth-authorization-url@8.0.0/denonext/oauth-authorization-url.mjs": "5fb31dffe819f3cf2b56330775e8080d044ea8f0ab410ba713cda2d3456c495e",
    "https://esm.sh/@octokit/oauth-authorization-url@8.0.0?target=denonext": "776b9aec0c52fce04fb478f7f1ea22c8b4db81d05e8dbdc741edfa22952d257a",
    "https://esm.sh/@octokit/oauth-methods@6.0.0/denonext/oauth-methods.mjs": "67667529e68471213fe750d9ab261bdb325c0fedf83900d59d219421247053ae",
    "https://esm.sh/@octokit/oauth-methods@6.0.0?target=denonext": "cf73c24a9e321cd24ff5121be121fd2b08619e660f2331bdf03c2fa461de092f",
    "https://esm.sh/@octokit/request-error@7.0.0/denonext/request-error.mjs": "0268a63037bf2fca8adc84fb604e9506d54484212353fb6743f10b7c8ed42444",
    "https://esm.sh/@octokit/request-error@7.0.0?target=denonext": "48b9bf574d9f647205b1d6c2df58c5f9356fe818c8da470c84edea3fd89f1ef7",
    "https://esm.sh/@octokit/request@10.0.3/denonext/request.mjs": "d885bea5bbe2f0e521c31bfac964ed86f90c03c177163f37d915663b9008c500",
    "https://esm.sh/@octokit/request@10.0.3?target=denonext": "8335c85bb040bb22f01f89529eb1e8067fb6e7b4fdc84d572309255f660a69be",
    "https://esm.sh/before-after-hook@4.0.0/denonext/before-after-hook.mjs": "0b717c21a1377a7424a19d238df2c7c1f3c3756ca192861a084ac8cb6710eada",
    "https://esm.sh/before-after-hook@4.0.0?target=denonext": "a736542fbca8aa4f8eaa30249a6f579758fbda59aef2fbed9f10ac7974982421",
    "https://esm.sh/fast-content-type-parse@3.0.0/denonext/fast-content-type-parse.mjs": "e2988912b33fdaacf282c193bfb39ff0739cdaa3e9dbcf15e9fda4d5221033d0",
    "https://esm.sh/fast-content-type-parse@3.0.0?target=denonext": "d3c0ad21dadee727b7226fbac0685c3b9373705b8f8ac05d1d0f13e07506c8a8",
    "https://esm.sh/toad-cache@3.7.0/denonext/toad-cache.mjs": "63b78525dcc99d8f736de244e46b306b2b5f6c72db75bf1d230230d46a06ab37",
    "https://esm.sh/toad-cache@3.7.0?target=denonext": "e17c2f2729b3268a6ecb412b975002ebaa66894c2e5e0a657a38d1176a1f02d4",
    "https://esm.sh/universal-github-app-jwt@2.2.2/denonext/universal-github-app-jwt.mjs": "0dc5ffa5cc5ade7551ba091da562b72840d624a78a28af985088f5e994b3c53a",
    "https://esm.sh/universal-github-app-jwt@2.2.2?target=denonext": "30b600b05e1b5a3b5c282d285461807b79950da3812dfe040b46a46ecdd3219b",
    "https://esm.sh/universal-user-agent@7.0.3/denonext/universal-user-agent.mjs": "021090b5f3bb060b1b0364cb79daa2cc3760db58a023cd8892a098e6256a84c4",
    "https://esm.sh/universal-user-agent@7.0.3?target=denonext": "78cc32318bbfe205823697bc1fcec2e9a15a435cca022aaeb93024a61e106224"
  },
  "workspace": {
    "dependencies": [
      "jsr:@std/assert@1"
    ]
  }
}
