{
  "version": "5",
  "specifiers": {
    "jsr:@std/assert@1": "1.0.19",
    "jsr:@std/internal@^1.0.12": "1.0.14",
    "npm:@octokit/auth-app@^8.3.0": "8.3.0",
    "npm:@octokit/core@^7.0.7": "7.0.7",
    "npm:@octokit/oauth-app@^8.0.4": "8.0.4",
    "npm:@octokit/request-error@^7.1.1": "7.1.1"
  },
  "jsr": {
    "@std/assert@1.0.19": {
      "integrity": "eaada96ee120cb980bc47e040f82814d786fe8162ecc53c91d8df60b8755991e",
      "dependencies": [
        "jsr:@std/internal"
      ]
    },
    "@std/internal@1.0.14": {
      "integrity": "291516b3d4c35024d6ffbc0a9df5bf4c64116e05b50012cf846710152d2ffdf7"
    }
  },
  "npm": {
    "@octokit/auth-app@8.3.0": {
      "integrity": "sha512-/UaKmJCsOc5XBZwhnFiGNdLH/FkDF8lYtBn1QlKxtX7IpgaRB/XOXjixFtERAknyUZHxp3oDuoiG0En4VptJSg==",
      "dependencies": [
        "@octokit/auth-oauth-app",
        "@octokit/auth-oauth-user",
        "@octokit/request",
        "@octokit/request-error",
        "@octokit/types@17.0.0",
        "toad-cache",
        "universal-github-app-jwt",
        "universal-user-agent"
      ]
    },
    "@octokit/auth-oauth-app@9.0.4": {
      "integrity": "sha512-Pe3du5LrC6dlv10b0RbarBlJtIT1Urq8BFoQklK8WmBw8YKnGgrANn7cQmHiA1v8AVihgi7YutV8MncP57I4og==",
      "dependencies": [
        "@octokit/auth-oauth-device",
        "@octokit/auth-oauth-user",
        "@octokit/request",
        "@octokit/types@17.0.0",
        "universal-user-agent"
      ]
    },
    "@octokit/auth-oauth-device@8.0.4": {
      "integrity": "sha512-M/+34rmkxMvUnnTo/uqNeVRCXJoJ+5N34eNTbL1KMtIyJpedCTsu/iFL1cWdL+w5hQMlYt6xzXoyux2gn0OVnw==",
      "dependencies": [
        "@octokit/oauth-methods",
        "@octokit/request",
        "@octokit/types@17.0.0",
        "universal-user-agent"
      ]
    },
    "@octokit/auth-oauth-user@6.0.3": {
      "integrity": "sha512-t4OKUhrI5britmpRiSzPAz1TJPyUN/Hw1HEE3Hz/uElxcmnf/YCRSKtFRNc5gy4yJFTlXgk34H1lvxiotQJQvQ==",
      "dependencies": [
        "@octokit/auth-oauth-device",
        "@octokit/oauth-methods",
        "@octokit/request",
        "@octokit/types@17.0.0",
        "universal-user-agent"
      ]
    },
    "@octokit/auth-token@6.0.0": {
      "integrity": "sha512-P4YJBPdPSpWTQ1NU4XYdvHvXJJDxM6YwpS0FZHRgP7YFkdVxsWcpWGy/NVqlAA7PcPCnMacXlRm1y2PFZRWL/w=="
    },
    "@octokit/auth-unauthenticated@7.0.4": {
      "integrity": "sha512-j4zgVdP8C8C53PNsj4LLI+WFtoykaQARwwrIBILTdxwZ2Ljaa9YUxb1yQ7/seGVnmWPdC3OBefX3LLbh28gKtw==",
      "dependencies": [
        "@octokit/request-error",
        "@octokit/types@17.0.0"
      ]
    },
    "@octokit/core@7.0.7": {
      "integrity": "sha512-DcB0M3KFgr9ECI328lhBMVsyFT2DnmNucSBTqEN3exyNKUzkkpUSCHmTRcunF41Eou2TIQKW4seewri8ON9bSA==",
      "dependencies": [
        "@octokit/auth-token",
        "@octokit/graphql",
        "@octokit/request",
        "@octokit/request-error",
        "@octokit/types@17.0.0",
        "before-after-hook",
        "universal-user-agent"
      ]
    },
    "@octokit/endpoint@11.0.5": {
      "integrity": "sha512-iXa654H3yFafF/ieHkukfbgWo2rmXD2ceD0ZOtrPhw1bc3FDch1d9N/TNs0FQ1/cIbwb7kspUX8jzIs8nzb9DQ==",
      "dependencies": [
        "@octokit/types@18.0.0",
        "universal-user-agent"
      ]
    },
    "@octokit/graphql@9.0.4": {
      "integrity": "sha512-5s15CCiY8XXQ+FG+b1YQcl6Z2FA++nwAz/tg2VUrTmnMncP+2nnGUEYANImdnxsA2Fnq+Mbl7hDjUTw7cFAwcg==",
      "dependencies": [
        "@octokit/request",
        "@octokit/types@17.0.0",
        "universal-user-agent"
      ]
    },
    "@octokit/oauth-app@8.0.4": {
      "integrity": "sha512-Ji5JpRwAJcbOJkO4ij0tW6+GrQ8efpICnAca3o5xI8/HUNjqJu3hhG4cCZdXAHMKaOaQTFX0Yl+cpu61Rsx94A==",
      "dependencies": [
        "@octokit/auth-oauth-app",
        "@octokit/auth-oauth-user",
        "@octokit/auth-unauthenticated",
        "@octokit/core",
        "@octokit/oauth-authorization-url",
        "@octokit/oauth-methods",
        "@types/aws-lambda",
        "universal-user-agent"
      ]
    },
    "@octokit/oauth-authorization-url@8.0.0": {
      "integrity": "sha512-7QoLPRh/ssEA/HuHBHdVdSgF8xNLz/Bc5m9fZkArJE5bb6NmVkDm3anKxXPmN1zh6b5WKZPRr3697xKT/yM3qQ=="
    },
    "@octokit/oauth-methods@6.0.4": {
      "integrity": "sha512-96RsnxS7Hk/BQhUA1Qo2pmcYP6LWQRWMdo7bVbNE7ZCkFLhSUYBXVUj9tVnvhl4jzbwHYt/dcIG+ioY427b2sg==",
      "dependencies": [
        "@octokit/oauth-authorization-url",
        "@octokit/request",
        "@octokit/request-error",
        "@octokit/types@17.0.0"
      ]
    },
    "@octokit/openapi-types@28.0.0": {
      "integrity": "sha512-0rFyLuyHvIj6uuZWuDslxkowFYdPXoNIkeAv4b27dzm2Tf4vGWXnPsMcxs7d65kLdMERgP3wc1AEPlqMz8e1cQ=="
    },
    "@octokit/openapi-types@29.0.1": {
      "integrity": "sha512-9qWOMFNxxLokERcms42rU0PTLqQmVs7g5E41TI4mCOxmpFayD1rfC7XxOL55cG9MBZLFlC31BrR37myMKardwg=="
    },
    "@octokit/request-error@7.1.1": {
      "integrity": "sha512-+eaY7G2VVpSf2pc5Gn1+mph837V/d/TYTJAgWL9Tb0ogGYcpN3IlAVFgjL+Vv93F/sevrxkvsYCedtpLdcFLzA==",
      "dependencies": [
        "@octokit/types@17.0.0"
      ]
    },
    "@octokit/request@10.0.15": {
      "integrity": "sha512-3CBg9aJ0hO9Pjyij8LbK/xYtEaPws9SW7xKz67daPNxQB1q5Y9OMA7DDOG0A6Hwf9ygGu3tvzusg0LXQ8/wAjA==",
      "dependencies": [
        "@octokit/endpoint",
        "@octokit/request-error",
        "@octokit/types@17.0.0",
        "content-type",
        "json-with-bigint",
        "universal-user-agent"
      ]
    },
    "@octokit/types@17.0.0": {
      "integrity": "sha512-ByP1v7YL5SMveFPP7+sj0/ZuWCOOg/Chs4NafOMpq6WNIM/hdGY0S7C0TCGDBWu1aGmOxmUIhMx3cO+IdwYZ1Q==",
      "dependencies": [
        "@octokit/openapi-types@28.0.0"
      ]
    },
    "@octokit/types@18.0.0": {
      "integrity": "sha512-l6bAF43PNxkJp6g+W4PjoUSSkxHomXw2nOum5CTftJz1NlV3vu93NImgOYtLf6CbBUb5j+fiuzW0PPQ5JTSvZA==",
      "dependencies": [
        "@octokit/openapi-types@29.0.1"
      ]
    },
    "@types/aws-lambda@8.10.162": {
      "integrity": "sha512-Fn658grtLOci1oxi1391vvDWJRKNGWRSqfxRkmN/Iy3c0tQH1USMKEXcPYHLvope+ZgTFocx9FRQJx1muBL6qw=="
    },
    "before-after-hook@4.0.0": {
      "integrity": "sha512-q6tR3RPqIB1pMiTRMFcZwuG5T8vwp+vUvEG0vuI6B+Rikh5BfPp2fQ82c925FOs+b0lcFQ8CFrL+KbilfZFhOQ=="
    },
    "content-type@3.0.0": {
      "integrity": "sha512-AIi5H6p0xk5uknXcN3/rmhP8jgp69OfSe/JuKiQAFprJ7UGw7mwj7m4XcmDzlrnJDG+cGpphAINGdU3g3g7kDw=="
    },
    "json-with-bigint@3.5.12": {
      "integrity": "sha512-uwbF/wSSuOgC7qqlq27Xp5B6a2MHVug3t0idZdTqu0JnlFvgJuH7ju+KAk/J06C7GfhoYy2gnb9wz2INqcne7w=="
    },
    "toad-cache@3.7.4": {
      "integrity": "sha512-m1TdR/rvT7kgGJZhspNtXdsdYk0fddFpJJFlG5s+UkPFo6lkLoZ3YLOaovPYjq1R75NP5JfeTlSHaOsE09peCg=="
    },
    "universal-github-app-jwt@2.2.2": {
      "integrity": "sha512-dcmbeSrOdTnsjGjUfAlqNDJrhxXizjAz94ija9Qw8YkZ1uu0d+GoZzyH+Jb9tIIqvGsadUfwg+22k5aDqqwzbw=="
    },
    "universal-user-agent@7.0.3": {
      "integrity": "sha512-TmnEAEAsBJVZM/AADELsK76llnwcf9vMKuPz8JflO1frO8Lchitr0fNaN9d+Ap0BjKtqWqd/J17qeDnXh8CL2A=="
    }
  },
  "redirects": {
    "https://esm.sh/@octokit/auth-app": "https://esm.sh/@octokit/auth-app@8.3.0",
    "https://esm.sh/@octokit/auth-oauth-app@^9.0.4?target=denonext": "https://esm.sh/@octokit/auth-oauth-app@9.0.4?target=denonext",
    "https://esm.sh/@octokit/auth-oauth-device@^8.0.5?target=denonext": "https://esm.sh/@octokit/auth-oauth-device@8.0.5?target=denonext",
    "https://esm.sh/@octokit/auth-oauth-user@^6.0.3?target=denonext": "https://esm.sh/@octokit/auth-oauth-user@6.0.4?target=denonext",
    "https://esm.sh/@octokit/auth-token@^6.0.0?target=denonext": "https://esm.sh/@octokit/auth-token@6.0.0?target=denonext",
    "https://esm.sh/@octokit/auth-unauthenticated@^7.0.4?target=denonext": "https://esm.sh/@octokit/auth-unauthenticated@7.0.4?target=denonext",
    "https://esm.sh/@octokit/core": "https://esm.sh/@octokit/core@7.0.8",
    "https://esm.sh/@octokit/core@^7.0.7?target=denonext": "https://esm.sh/@octokit/core@7.0.8?target=denonext",
    "https://esm.sh/@octokit/endpoint@^11.0.5?target=denonext": "https://esm.sh/@octokit/endpoint@11.0.5?target=denonext",
    "https://esm.sh/@octokit/graphql@^9.0.5?target=denonext": "https://esm.sh/@octokit/graphql@9.0.5?target=denonext",
    "https://esm.sh/@octokit/oauth-app": "https://esm.sh/@octokit/oauth-app@8.0.4",
    "https://esm.sh/@octokit/oauth-authorization-url@^8.0.0?target=denonext": "https://esm.sh/@octokit/oauth-authorization-url@8.0.0?target=denonext",
    "https://esm.sh/@octokit/oauth-methods@^6.0.3?target=denonext": "https://esm.sh/@octokit/oauth-methods@6.0.5?target=denonext",
    "https://esm.sh/@octokit/oauth-methods@^6.0.5?target=denonext": "https://esm.sh/@octokit/oauth-methods@6.0.5?target=denonext",
    "https://esm.sh/@octokit/request-error": "https://esm.sh/@octokit/request-error@7.1.2",
    "https://esm.sh/@octokit/request-error@^7.1.1?target=denonext": "https://esm.sh/@octokit/request-error@7.1.2?target=denonext",
    "https://esm.sh/@octokit/request-error@^7.1.2?target=denonext": "https://esm.sh/@octokit/request-error@7.1.2?target=denonext",
    "https://esm.sh/@octokit/request@^10.0.13?target=denonext": "https://esm.sh/@octokit/request@10.0.16?target=denonext",
    "https://esm.sh/@octokit/request@^10.0.16?target=denonext": "https://esm.sh/@octokit/request@10.0.16?target=denonext",
    "https://esm.sh/before-after-hook@^4.0.0?target=denonext": "https://esm.sh/before-after-hook@4.0.0?target=denonext",
    "https://esm.sh/content-type@^3.0.0?target=denonext": "https://esm.sh/content-type@3.0.0?target=denonext",
    "https://esm.sh/json-with-bigint@^3.5.12?target=denonext": "https://esm.sh/json-with-bigint@3.5.12?target=denonext",
    "https://esm.sh/toad-cache@^3.7.0?target=denonext": "https://esm.sh/toad-cache@3.7.4?target=denonext",
    "https://esm.sh/universal-github-app-jwt@^2.2.0?target=denonext": "https://esm.sh/universal-github-app-jwt@2.2.2?target=denonext",
    "https://esm.sh/universal-user-agent@^7.0.0?target=denonext": "https://esm.sh/universal-user-agent@7.0.3?target=denonext",
    "https://esm.sh/universal-user-agent@^7.0.2?target=denonext": "https://esm.sh/universal-user-agent@7.0.3?target=denonext"
  },
  "remote": {
    "https://esm.sh/@octokit/auth-app@8.3.0": "4564bbfcc24074e1dbe86a297a6b1ac109862878c0d7f02edd487faccb78a389",
    "https://esm.sh/@octokit/auth-app@8.3.0/denonext/auth-app.mjs": "75d4ceb3e55b71a3173758c6db69c78c76e329b2b19e214fce67dc1f383c9a5b",
    "https://esm.sh/@octokit/auth-oauth-app@9.0.4/denonext/auth-oauth-app.mjs": "31ea4d7a3538b5734ff94d042e1240ae391485943106b643537777c93bcd48f2",
    "https://esm.sh/@octokit/auth-oauth-app@9.0.4?target=denonext": "59f89cfbfac9728c42adddc61eda0dc06feabdf7223625319caaa5f3bcfadeff",
    "https://esm.sh/@octokit/auth-oauth-device@8.0.5/denonext/auth-oauth-device.mjs": "64a11ce187d4be1b5541eaa39c2ace483156671c36081eed7552bf6ea03cb82f",
    "https://esm.sh/@octokit/auth-oauth-device@8.0.5?target=denonext": "3188a100ab1c243f819340d9df36646eab1003849c5ad49a1a076f558c903c6b",
    "https://esm.sh/@octokit/auth-oauth-user@6.0.4/denonext/auth-oauth-user.mjs": "6260ab4d4cef0bedfd666d43793d33e767950c5cd46dcfb5550beda399823eba",
    "https://esm.sh/@octokit/auth-oauth-user@6.0.4?target=denonext": "fdcd618b6a4d7450d71ef3583ae0e96bbdb24e2886072cefde1a53d4293b7827",
    "https://esm.sh/@octokit/auth-token@6.0.0/denonext/auth-token.mjs": "ef9f8c59ca2597cc1f2b04f5640f55fcb5fa48de98e0d0250411d00858abdd2d",
    "https://esm.sh/@octokit/auth-token@6.0.0?target=denonext": "edfa317d09714ee0db614953d74ccf8a0ba5764e13b3df64c93057f427c0824a",
    "https://esm.sh/@octokit/auth-unauthenticated@7.0.4/denonext/auth-unauthenticated.mjs": "0f964fc58608c658fd4b4b72294c4293c7dbac762e6e204c55f388afdacc3e04",
    "https://esm.sh/@octokit/auth-unauthenticated@7.0.4?target=denonext": "99230f887e212745eaac05fa1c2ef50a6fcf7a50117ab85eb77d3b24924f07ce",
    "https://esm.sh/@octokit/core@7.0.8": "d11d0fc67d826b3a65d292ee43cec9f753b8f115f76fc5dfae66744b81f8dd55",
    "https://esm.sh/@octokit/core@7.0.8/denonext/core.mjs": "650dc3b564aac5476ce16ecb2975faad07351b49e333a3905ddaad818f714f93",
    "https://esm.sh/@octokit/core@7.0.8?target=denonext": "d11d0fc67d826b3a65d292ee43cec9f753b8f115f76fc5dfae66744b81f8dd55",
    "https://esm.sh/@octokit/endpoint@11.0.5/denonext/endpoint.mjs": "34e05367a7edc63d5f9b204bfc0b843657973f711251e8f214ccaef945280b08",
    "https://esm.sh/@octokit/endpoint@11.0.5?target=denonext": "0a81f11cb924bd61c99f1dba5853734ed70a7b17202c8f25b1aaf2884b74fa96",
    "https://esm.sh/@octokit/graphql@9.0.5/denonext/graphql.mjs": "8cad52dab35cd76376f86c4a3ae205fbf6223a09557f7b6ba6e844fc7fda1689",
    "https://esm.sh/@octokit/graphql@9.0.5?target=denonext": "626b94a3991c58cf17a2678469068507fc13546649689bebf239d66d9067a4a4",
    "https://esm.sh/@octokit/oauth-app@8.0.4": "2ed87d1ccaffe50ca2250a556403c3f532dc655e80232f42b877e97b8ecabaed",
    "https://esm.sh/@octokit/oauth-app@8.0.4/denonext/oauth-app.mjs": "17a91d92a41bbb2409da679b7865bbd9e4a9ca443bd53ae92990797d6c3dd5ff",
    "https://esm.sh/@octokit/oauth-authorization-url@8.0.0/denonext/oauth-authorization-url.mjs": "5fb31dffe819f3cf2b56330775e8080d044ea8f0ab410ba713cda2d3456c495e",
    "https://esm.sh/@octokit/oauth-authorization-url@8.0.0?target=denonext": "776b9aec0c52fce04fb478f7f1ea22c8b4db81d05e8dbdc741edfa22952d257a",
    "https://esm.sh/@octokit/oauth-methods@6.0.5/denonext/oauth-methods.mjs": "3a788d42b49e252fdf443e79999c6b8bb748c8ffb41ff1811e44dcb1fc57a9bf",
    "https://esm.sh/@octokit/oauth-methods@6.0.5?target=denonext": "f8d139c6f9a1cbbd6e05f6dcaf82de04adbc3f9237822e241619b6a328eb021f",
    "https://esm.sh/@octokit/request-error@7.1.2": "66834181eab84e32c9882339e41926721d5d353485b7c8de07747fa493b32554",
    "https://esm.sh/@octokit/request-error@7.1.2/denonext/request-error.mjs": "b82a801e8bc5efd118de5cda7f7207848d57baf56500ae06ea133f8c4cbc1957",
    "https://esm.sh/@octokit/request-error@7.1.2?target=denonext": "66834181eab84e32c9882339e41926721d5d353485b7c8de07747fa493b32554",
    "https://esm.sh/@octokit/request@10.0.16/denonext/request.mjs": "20eb27b81545f89f19b38b4051bda250371cc3966aae58b2fea3925ce5cfccb6",
    "https://esm.sh/@octokit/request@10.0.16?target=denonext": "c546757b6a2cad9cc8d400b79840b5ca1ff590345d09786943903fa486a82f62",
    "https://esm.sh/before-after-hook@4.0.0/denonext/before-after-hook.mjs": "0b717c21a1377a7424a19d238df2c7c1f3c3756ca192861a084ac8cb6710eada",
    "https://esm.sh/before-after-hook@4.0.0?target=denonext": "a736542fbca8aa4f8eaa30249a6f579758fbda59aef2fbed9f10ac7974982421",
    "https://esm.sh/content-type@3.0.0/denonext/content-type.mjs": "a5433adc2d86d5921fedb698d229161a45ed24007b5defbfe2755cb133a573e4",
    "https://esm.sh/content-type@3.0.0?target=denonext": "5d71a9d2f91dd89c92b17abe70c59bc3612cc0830c61c0cd0dec1bed8edc78be",
    "https://esm.sh/json-with-bigint@3.5.12/denonext/json-with-bigint.mjs": "d45227ce6d6d5d9b7a014dd326b5a971ca4268355269e5b1bf7eb9bbf18a66ee",
    "https://esm.sh/json-with-bigint@3.5.12?target=denonext": "e2464513e80bd626f0b8f936fd7726d3d6af88970f1352538901c60f2ee6262f",
    "https://esm.sh/toad-cache@3.7.4/denonext/toad-cache.mjs": "4be4f0f66355ca9b5073a9ed21821f9f4ce64f1cda62c5f06e2712210e8dc4eb",
    "https://esm.sh/toad-cache@3.7.4?target=denonext": "3416ea66279935814f2a754df24c47e95ea04281d71b52786bf762b285223e42",
    "https://esm.sh/universal-github-app-jwt@2.2.2/denonext/universal-github-app-jwt.mjs": "002836bd32a28f8568c0869780ce90c7caede965b05628d1ed0add999c30d513",
    "https://esm.sh/universal-github-app-jwt@2.2.2?target=denonext": "30b600b05e1b5a3b5c282d285461807b79950da3812dfe040b46a46ecdd3219b",
    "https://esm.sh/universal-user-agent@7.0.3/denonext/universal-user-agent.mjs": "021090b5f3bb060b1b0364cb79daa2cc3760db58a023cd8892a098e6256a84c4",
    "https://esm.sh/universal-user-agent@7.0.3?target=denonext": "78cc32318bbfe205823697bc1fcec2e9a15a435cca022aaeb93024a61e106224"
  },
  "workspace": {
    "dependencies": [
      "jsr:@std/assert@1",
      "npm:@octokit/auth-app@^8.3.0",
      "npm:@octokit/core@^7.0.7",
      "npm:@octokit/oauth-app@^8.0.4",
      "npm:@octokit/request-error@^7.1.1"
    ]
  }
}
